
Microsoft Visual Studio Solution File, Format Version 12.00
# Visual Studio 15
VisualStudioVersion = 15.0.28307.779
MinimumVisualStudioVersion = 10.0.40219.1
Project("{FAE04EC0-301F-11D3-BF4B-00C04F79EFBC}") = "SMSService.API", "SMSService.API\SMSService.API.csproj", "{ABA07F11-6D67-4461-9EAE-00B7DCB7424A}"
EndProject
Project("{FAE04EC0-301F-11D3-BF4B-00C04F79EFBC}") = "SMSService.DBAccessLayer", "SMSService.DBAccessLayer\SMSService.DBAccessLayer.csproj", "{FA54664D-9C46-4CD2-A91E-EC095E74DF46}"
EndProject
Global
	GlobalSection(SolutionConfigurationPlatforms) = preSolution
		Debug|Any CPU = Debug|Any CPU
		Release|Any CPU = Release|Any CPU
	EndGlobalSection
	GlobalSection(ProjectConfigurationPlatforms) = postSolution
		{ABA07F11-6D67-4461-9EAE-00B7DCB7424A}.Debug|Any CPU.ActiveCfg = Debug|Any CPU
		{ABA07F11-6D67-4461-9EAE-00B7DCB7424A}.Debug|Any CPU.Build.0 = Debug|Any CPU
		{ABA07F11-6D67-4461-9EAE-00B7DCB7424A}.Release|Any CPU.ActiveCfg = Release|Any CPU
		{ABA07F11-6D67-4461-9EAE-00B7DCB7424A}.Release|Any CPU.Build.0 = Release|Any CPU
		{FA54664D-9C46-4CD2-A91E-EC095E74DF46}.Debug|Any CPU.ActiveCfg = Debug|Any CPU
		{FA54664D-9C46-4CD2-A91E-EC095E74DF46}.Debug|Any CPU.Build.0 = Debug|Any CPU
		{FA54664D-9C46-4CD2-A91E-EC095E74DF46}.Release|Any CPU.ActiveCfg = Release|Any CPU
		{FA54664D-9C46-4CD2-A91E-EC095E74DF46}.Release|Any CPU.Build.0 = Release|Any CPU
	EndGlobalSection
	GlobalSection(SolutionProperties) = preSolution
		HideSolutionNode = FALSE
	EndGlobalSection
	GlobalSection(ExtensibilityGlobals) = postSolution
		SolutionGuid = {EAF6F721-B934-46BB-96B5-C3328460E882}
	EndGlobalSection
EndGlobal
